
Microsoft Visual Studio Solution File, Format Version 12.00
# Visual Studio Version 17
VisualStudioVersion = 17.14.36408.4 d17.14
MinimumVisualStudioVersion = 10.0.40219.1
Project("{FAE04EC0-301F-11D3-BF4B-00C04F79EFBC}") = "clase251025", "clase251025\clase251025.csproj", "{BF97D793-4993-4C5A-8E86-38B219E25882}"
EndProject
Global
	GlobalSection(SolutionConfigurationPlatforms) = preSolution
		Debug|Any CPU = Debug|Any CPU
		Release|Any CPU = Release|Any CPU
	EndGlobalSection
	GlobalSection(ProjectConfigurationPlatforms) = postSolution
		{BF97D793-4993-4C5A-8E86-38B219E25882}.Debug|Any CPU.ActiveCfg = Debug|Any CPU
		{BF97D793-4993-4C5A-8E86-38B219E25882}.Debug|Any CPU.Build.0 = Debug|Any CPU
		{BF97D793-4993-4C5A-8E86-38B219E25882}.Release|Any CPU.ActiveCfg = Release|Any CPU
		{BF97D793-4993-4C5A-8E86-38B219E25882}.Release|Any CPU.Build.0 = Release|Any CPU
	EndGlobalSection
	GlobalSection(SolutionProperties) = preSolution
		HideSolutionNode = FALSE
	EndGlobalSection
	GlobalSection(ExtensibilityGlobals) = postSolution
		SolutionGuid = {3A2C2416-1658-40EF-8BF2-149BC5503DE3}
	EndGlobalSection
EndGlobal
